
Microsoft Visual Studio Solution File, Format Version 12.00
# Visual Studio Version 17
VisualStudioVersion = 17.1.32210.238
MinimumVisualStudioVersion = 10.0.40219.1
Project("{FAE04EC0-301F-11D3-BF4B-00C04F79EFBC}") = "BitmartApiClient", "BitmartApiClient.csproj", "{8405F534-A44D-49FE-8263-177C82D59002}"
EndProject
Global
	GlobalSection(SolutionConfigurationPlatforms) = preSolution
		Debug|Any CPU = Debug|Any CPU
		Release|Any CPU = Release|Any CPU
	EndGlobalSection
	GlobalSection(ProjectConfigurationPlatforms) = postSolution
		{8405F534-A44D-49FE-8263-177C82D59002}.Debug|Any CPU.ActiveCfg = Debug|Any CPU
		{8405F534-A44D-49FE-8263-177C82D59002}.Debug|Any CPU.Build.0 = Debug|Any CPU
		{8405F534-A44D-49FE-8263-177C82D59002}.Release|Any CPU.ActiveCfg = Release|Any CPU
		{8405F534-A44D-49FE-8263-177C82D59002}.Release|Any CPU.Build.0 = Release|Any CPU
	EndGlobalSection
	GlobalSection(SolutionProperties) = preSolution
		HideSolutionNode = FALSE
	EndGlobalSection
	GlobalSection(ExtensibilityGlobals) = postSolution
		SolutionGuid = {BBE5899D-CB15-4AD7-939B-510870D7209B}
	EndGlobalSection
EndGlobal
